// !$*UTF8*$!
{
	archiveVersion = 1;
	classes = {
	};
	objectVersion = 46;
	objects = {

/* Begin PBXBuildFile section */
		12150E591E11BE0600BD51E9 /* GeoFire.m in Sources */ = {isa = PBXBuildFile; fileRef = 12150E501E11BE0600BD51E9 /* GeoFire.m */; };
		12150E5A1E11BE0600BD51E9 /* GFBase32Utils.m in Sources */ = {isa = PBXBuildFile; fileRef = 12150E521E11BE0600BD51E9 /* GFBase32Utils.m */; };
		12150E5B1E11BE0600BD51E9 /* GFGeoHash.m in Sources */ = {isa = PBXBuildFile; fileRef = 12150E541E11BE0600BD51E9 /* GFGeoHash.m */; };
		12150E5C1E11BE0600BD51E9 /* GFGeoHashQuery.m in Sources */ = {isa = PBXBuildFile; fileRef = 12150E561E11BE0600BD51E9 /* GFGeoHashQuery.m */; };
		12150E5D1E11BE0600BD51E9 /* GFQuery.m in Sources */ = {isa = PBXBuildFile; fileRef = 12150E581E11BE0600BD51E9 /* GFQuery.m */; };
		12150E681E11CA1600BD51E9 /* PokeAnnotation.swift in Sources */ = {isa = PBXBuildFile; fileRef = 12150E671E11CA1600BD51E9 /* PokeAnnotation.swift */; };
		1271A1531E11BB34009CEE10 /* GoogleService-Info.plist in Resources */ = {isa = PBXBuildFile; fileRef = 1271A1521E11BB34009CEE10 /* GoogleService-Info.plist */; };
		1293FF121E11B953001D74A2 /* AppDelegate.swift in Sources */ = {isa = PBXBuildFile; fileRef = 1293FF111E11B953001D74A2 /* AppDelegate.swift */; };
		1293FF141E11B953001D74A2 /* ViewController.swift in Sources */ = {isa = PBXBuildFile; fileRef = 1293FF131E11B953001D74A2 /* ViewController.swift */; };
		1293FF171E11B953001D74A2 /* Main.storyboard in Resources */ = {isa = PBXBuildFile; fileRef = 1293FF151E11B953001D74A2 /* Main.storyboard */; };
		1293FF191E11B953001D74A2 /* Assets.xcassets in Resources */ = {isa = PBXBuildFile; fileRef = 1293FF181E11B953001D74A2 /* Assets.xcassets */; };
		1293FF1C1E11B953001D74A2 /* LaunchScreen.storyboard in Resources */ = {isa = PBXBuildFile; fileRef = 1293FF1A1E11B953001D74A2 /* LaunchScreen.storyboard */; };
		1293FF271E11B953001D74A2 /* PokeFinderTests.swift in Sources */ = {isa = PBXBuildFile; fileRef = 1293FF261E11B953001D74A2 /* PokeFinderTests.swift */; };
		1293FF321E11B953001D74A2 /* PokeFinderUITests.swift in Sources */ = {isa = PBXBuildFile; fileRef = 1293FF311E11B953001D74A2 /* PokeFinderUITests.swift */; };
		8F3F58ADF912FECF2456927F /* Pods_PokeFinder.framework in Frameworks */ = {isa = PBXBuildFile; fileRef = 5E73268F6B28FB40528FE7C9 /* Pods_PokeFinder.framework */; };
/* End PBXBuildFile section */

/* Begin PBXContainerItemProxy section */
		1293FF231E11B953001D74A2 /* PBXContainerItemProxy */ = {
			isa = PBXContainerItemProxy;
			containerPortal = 1293FF061E11B953001D74A2 /* Project object */;
			proxyType = 1;
			remoteGlobalIDString = 1293FF0D1E11B953001D74A2;
			remoteInfo = PokeFinder;
		};
		1293FF2E1E11B953001D74A2 /* PBXContainerItemProxy */ = {
			isa = PBXContainerItemProxy;
			containerPortal = 1293FF061E11B953001D74A2 /* Project object */;
			proxyType = 1;
			remoteGlobalIDString = 1293FF0D1E11B953001D74A2;
			remoteInfo = PokeFinder;
		};
/* End PBXContainerItemProxy section */

/* Begin PBXFileReference section */
		12150E491E11BE0600BD51E9 /* GeoFire.h */ = {isa = PBXFileReference; fileEncoding = 4; lastKnownFileType = sourcecode.c.h; path = GeoFire.h; sourceTree = "<group>"; };
		12150E4A1E11BE0600BD51E9 /* GFCircleQuery.h */ = {isa = PBXFileReference; fileEncoding = 4; lastKnownFileType = sourcecode.c.h; path = GFCircleQuery.h; sourceTree = "<group>"; };
		12150E4B1E11BE0600BD51E9 /* GFQuery.h */ = {isa = PBXFileReference; fileEncoding = 4; lastKnownFileType = sourcecode.c.h; path = GFQuery.h; sourceTree = "<group>"; };
		12150E4C1E11BE0600BD51E9 /* GFRegionQuery.h */ = {isa = PBXFileReference; fileEncoding = 4; lastKnownFileType = sourcecode.c.h; path = GFRegionQuery.h; sourceTree = "<group>"; };
		12150E4D1E11BE0600BD51E9 /* GeoFire-Prefix.pch */ = {isa = PBXFileReference; fileEncoding = 4; lastKnownFileType = sourcecode.c.h; path = "GeoFire-Prefix.pch"; sourceTree = "<group>"; };
		12150E4F1E11BE0600BD51E9 /* GeoFire+Private.h */ = {isa = PBXFileReference; fileEncoding = 4; lastKnownFileType = sourcecode.c.h; path = "GeoFire+Private.h"; sourceTree = "<group>"; };
		12150E501E11BE0600BD51E9 /* GeoFire.m */ = {isa = PBXFileReference; fileEncoding = 4; lastKnownFileType = sourcecode.c.objc; path = GeoFire.m; sourceTree = "<group>"; };
		12150E511E11BE0600BD51E9 /* GFBase32Utils.h */ = {isa = PBXFileReference; fileEncoding = 4; lastKnownFileType = sourcecode.c.h; path = GFBase32Utils.h; sourceTree = "<group>"; };
		12150E521E11BE0600BD51E9 /* GFBase32Utils.m */ = {isa = PBXFileReference; fileEncoding = 4; lastKnownFileType = sourcecode.c.objc; path = GFBase32Utils.m; sourceTree = "<group>"; };
		12150E531E11BE0600BD51E9 /* GFGeoHash.h */ = {isa = PBXFileReference; fileEncoding = 4; lastKnownFileType = sourcecode.c.h; path = GFGeoHash.h; sourceTree = "<group>"; };
		12150E541E11BE0600BD51E9 /* GFGeoHash.m */ = {isa = PBXFileReference; fileEncoding = 4; lastKnownFileType = sourcecode.c.objc; path = GFGeoHash.m; sourceTree = "<group>"; };
		12150E551E11BE0600BD51E9 /* GFGeoHashQuery.h */ = {isa = PBXFileReference; fileEncoding = 4; lastKnownFileType = sourcecode.c.h; path = GFGeoHashQuery.h; sourceTree = "<group>"; };
		12150E561E11BE0600BD51E9 /* GFGeoHashQuery.m */ = {isa = PBXFileReference; fileEncoding = 4; lastKnownFileType = sourcecode.c.objc; path = GFGeoHashQuery.m; sourceTree = "<group>"; };
		12150E571E11BE0600BD51E9 /* GFQuery+Private.h */ = {isa = PBXFileReference; fileEncoding = 4; lastKnownFileType = sourcecode.c.h; path = "GFQuery+Private.h"; sourceTree = "<group>"; };
		12150E581E11BE0600BD51E9 /* GFQuery.m */ = {isa = PBXFileReference; fileEncoding = 4; lastKnownFileType = sourcecode.c.objc; path = GFQuery.m; sourceTree = "<group>"; };
		12150E621E11BF5200BD51E9 /* PokeFinder-Bridging-Header.h */ = {isa = PBXFileReference; fileEncoding = 4; lastKnownFileType = sourcecode.c.h; path = "PokeFinder-Bridging-Header.h"; sourceTree = "<group>"; };
		12150E671E11CA1600BD51E9 /* PokeAnnotation.swift */ = {isa = PBXFileReference; fileEncoding = 4; lastKnownFileType = sourcecode.swift; path = PokeAnnotation.swift; sourceTree = "<group>"; };
		1271A1521E11BB34009CEE10 /* GoogleService-Info.plist */ = {isa = PBXFileReference; fileEncoding = 4; lastKnownFileType = text.plist.xml; path = "GoogleService-Info.plist"; sourceTree = "<group>"; };
		1293FF0E1E11B953001D74A2 /* PokeFinder.app */ = {isa = PBXFileReference; explicitFileType = wrapper.application; includeInIndex = 0; path = PokeFinder.app; sourceTree = BUILT_PRODUCTS_DIR; };
		1293FF111E11B953001D74A2 /* AppDelegate.swift */ = {isa = PBXFileReference; lastKnownFileType = sourcecode.swift; path = AppDelegate.swift; sourceTree = "<group>"; };
		1293FF131E11B953001D74A2 /* ViewController.swift */ = {isa = PBXFileReference; lastKnownFileType = sourcecode.swift; path = ViewController.swift; sourceTree = "<group>"; };
		1293FF161E11B953001D74A2 /* Base */ = {isa = PBXFileReference; lastKnownFileType = file.storyboard; name = Base; path = Base.lproj/Main.storyboard; sourceTree = "<group>"; };
		1293FF181E11B953001D74A2 /* Assets.xcassets */ = {isa = PBXFileReference; lastKnownFileType = folder.assetcatalog; path = Assets.xcassets; sourceTree = "<group>"; };
		1293FF1B1E11B953001D74A2 /* Base */ = {isa = PBXFileReference; lastKnownFileType = file.storyboard; name = Base; path = Base.lproj/LaunchScreen.storyboard; sourceTree = "<group>"; };
		1293FF1D1E11B953001D74A2 /* Info.plist */ = {isa = PBXFileReference; lastKnownFileType = text.plist.xml; path = Info.plist; sourceTree = "<group>"; };
		1293FF221E11B953001D74A2 /* PokeFinderTests.xctest */ = {isa = PBXFileReference; explicitFileType = wrapper.cfbundle; includeInIndex = 0; path = PokeFinderTests.xctest; sourceTree = BUILT_PRODUCTS_DIR; };
		1293FF261E11B953001D74A2 /* PokeFinderTests.swift */ = {isa = PBXFileReference; lastKnownFileType = sourcecode.swift; path = PokeFinderTests.swift; sourceTree = "<group>"; };
		1293FF281E11B953001D74A2 /* Info.plist */ = {isa = PBXFileReference; lastKnownFileType = text.plist.xml; path = Info.plist; sourceTree = "<group>"; };
		1293FF2D1E11B953001D74A2 /* PokeFinderUITests.xctest */ = {isa = PBXFileReference; explicitFileType = wrapper.cfbundle; includeInIndex = 0; path = PokeFinderUITests.xctest; sourceTree = BUILT_PRODUCTS_DIR; };
		1293FF311E11B953001D74A2 /* PokeFinderUITests.swift */ = {isa = PBXFileReference; lastKnownFileType = sourcecode.swift; path = PokeFinderUITests.swift; sourceTree = "<group>"; };
		1293FF331E11B953001D74A2 /* Info.plist */ = {isa = PBXFileReference; lastKnownFileType = text.plist.xml; path = Info.plist; sourceTree = "<group>"; };
		5E73268F6B28FB40528FE7C9 /* Pods_PokeFinder.framework */ = {isa = PBXFileReference; explicitFileType = wrapper.framework; includeInIndex = 0; path = Pods_PokeFinder.framework; sourceTree = BUILT_PRODUCTS_DIR; };
		7AFBFD73AB48A4204306D2FC /* Pods-PokeFinder.release.xcconfig */ = {isa = PBXFileReference; includeInIndex = 1; lastKnownFileType = text.xcconfig; name = "Pods-PokeFinder.release.xcconfig"; path = "Pods/Target Support Files/Pods-PokeFinder/Pods-PokeFinder.release.xcconfig"; sourceTree = "<group>"; };
		94229814CD1C3C952E09D9F2 /* Pods-PokeFinder.debug.xcconfig */ = {isa = PBXFileReference; includeInIndex = 1; lastKnownFileType = text.xcconfig; name = "Pods-PokeFinder.debug.xcconfig"; path = "Pods/Target Support Files/Pods-PokeFinder/Pods-PokeFinder.debug.xcconfig"; sourceTree = "<group>"; };
/* End PBXFileReference section */

/* Begin PBXFrameworksBuildPhase section */
		1293FF0B1E11B953001D74A2 /* Frameworks */ = {
			isa = PBXFrameworksBuildPhase;
			buildActionMask = 2147483647;
			files = (
				8F3F58ADF912FECF2456927F /* Pods_PokeFinder.framework in Frameworks */,
			);
			runOnlyForDeploymentPostprocessing = 0;
		};
		1293FF1F1E11B953001D74A2 /* Frameworks */ = {
			isa = PBXFrameworksBuildPhase;
			buildActionMask = 2147483647;
			files = (
			);
			runOnlyForDeploymentPostprocessing = 0;
		};
		1293FF2A1E11B953001D74A2 /* Frameworks */ = {
			isa = PBXFrameworksBuildPhase;
			buildActionMask = 2147483647;
			files = (
			);
			runOnlyForDeploymentPostprocessing = 0;
		};
/* End PBXFrameworksBuildPhase section */

/* Begin PBXGroup section */
		12150E471E11BE0600BD51E9 /* GeoFire */ = {
			isa = PBXGroup;
			children = (
				12150E481E11BE0600BD51E9 /* API */,
				12150E4D1E11BE0600BD51E9 /* GeoFire-Prefix.pch */,
				12150E4E1E11BE0600BD51E9 /* Implementation */,
			);
			path = GeoFire;
			sourceTree = "<group>";
		};
		12150E481E11BE0600BD51E9 /* API */ = {
			isa = PBXGroup;
			children = (
				12150E491E11BE0600BD51E9 /* GeoFire.h */,
				12150E4A1E11BE0600BD51E9 /* GFCircleQuery.h */,
				12150E4B1E11BE0600BD51E9 /* GFQuery.h */,
				12150E4C1E11BE0600BD51E9 /* GFRegionQuery.h */,
			);
			path = API;
			sourceTree = "<group>";
		};
		12150E4E1E11BE0600BD51E9 /* Implementation */ = {
			isa = PBXGroup;
			children = (
				12150E4F1E11BE0600BD51E9 /* GeoFire+Private.h */,
				12150E501E11BE0600BD51E9 /* GeoFire.m */,
				12150E511E11BE0600BD51E9 /* GFBase32Utils.h */,
				12150E521E11BE0600BD51E9 /* GFBase32Utils.m */,
				12150E531E11BE0600BD51E9 /* GFGeoHash.h */,
				12150E541E11BE0600BD51E9 /* GFGeoHash.m */,
				12150E551E11BE0600BD51E9 /* GFGeoHashQuery.h */,
				12150E561E11BE0600BD51E9 /* GFGeoHashQuery.m */,
				12150E571E11BE0600BD51E9 /* GFQuery+Private.h */,
				12150E581E11BE0600BD51E9 /* GFQuery.m */,
			);
			path = Implementation;
			sourceTree = "<group>";
		};
		12150E631E11C9C900BD51E9 /* Controller */ = {
			isa = PBXGroup;
			children = (
				1293FF131E11B953001D74A2 /* ViewController.swift */,
			);
			name = Controller;
			sourceTree = "<group>";
		};
		12150E641E11C9CE00BD51E9 /* Model */ = {
			isa = PBXGroup;
			children = (
				12150E671E11CA1600BD51E9 /* PokeAnnotation.swift */,
			);
			name = Model;
			sourceTree = "<group>";
		};
		12150E651E11C9D600BD51E9 /* View */ = {
			isa = PBXGroup;
			children = (
				1293FF151E11B953001D74A2 /* Main.storyboard */,
				1293FF1A1E11B953001D74A2 /* LaunchScreen.storyboard */,
			);
			name = View;
			sourceTree = "<group>";
		};
		12150E661E11C9DD00BD51E9 /* Supporting Files */ = {
			isa = PBXGroup;
			children = (
				1293FF1D1E11B953001D74A2 /* Info.plist */,
				1293FF181E11B953001D74A2 /* Assets.xcassets */,
			);
			name = "Supporting Files";
			sourceTree = "<group>";
		};
		1293FF051E11B953001D74A2 = {
			isa = PBXGroup;
			children = (
				1293FF101E11B953001D74A2 /* PokeFinder */,
				1293FF251E11B953001D74A2 /* PokeFinderTests */,
				1293FF301E11B953001D74A2 /* PokeFinderUITests */,
				1293FF0F1E11B953001D74A2 /* Products */,
				3F769EB52735F0956AD16541 /* Pods */,
				EC63505784438D357790800B /* Frameworks */,
			);
			sourceTree = "<group>";
		};
		1293FF0F1E11B953001D74A2 /* Products */ = {
			isa = PBXGroup;
			children = (
				1293FF0E1E11B953001D74A2 /* PokeFinder.app */,
				1293FF221E11B953001D74A2 /* PokeFinderTests.xctest */,
				1293FF2D1E11B953001D74A2 /* PokeFinderUITests.xctest */,
			);
			name = Products;
			sourceTree = "<group>";
		};
		1293FF101E11B953001D74A2 /* PokeFinder */ = {
			isa = PBXGroup;
			children = (
				12150E661E11C9DD00BD51E9 /* Supporting Files */,
				12150E651E11C9D600BD51E9 /* View */,
				12150E641E11C9CE00BD51E9 /* Model */,
				12150E631E11C9C900BD51E9 /* Controller */,
				12150E471E11BE0600BD51E9 /* GeoFire */,
				1293FF111E11B953001D74A2 /* AppDelegate.swift */,
				1271A1521E11BB34009CEE10 /* GoogleService-Info.plist */,
				12150E621E11BF5200BD51E9 /* PokeFinder-Bridging-Header.h */,
			);
			path = PokeFinder;
			sourceTree = "<group>";
		};
		1293FF251E11B953001D74A2 /* PokeFinderTests */ = {
			isa = PBXGroup;
			children = (
				1293FF261E11B953001D74A2 /* PokeFinderTests.swift */,
				1293FF281E11B953001D74A2 /* Info.plist */,
			);
			path = PokeFinderTests;
			sourceTree = "<group>";
		};
		1293FF301E11B953001D74A2 /* PokeFinderUITests */ = {
			isa = PBXGroup;
			children = (
				1293FF311E11B953001D74A2 /* PokeFinderUITests.swift */,
				1293FF331E11B953001D74A2 /* Info.plist */,
			);
			path = PokeFinderUITests;
			sourceTree = "<group>";
		};
		3F769EB52735F0956AD16541 /* Pods */ = {
			isa = PBXGroup;
			children = (
				94229814CD1C3C952E09D9F2 /* Pods-PokeFinder.debug.xcconfig */,
				7AFBFD73AB48A4204306D2FC /* Pods-PokeFinder.release.xcconfig */,
			);
			name = Pods;
			sourceTree = "<group>";
		};
		EC63505784438D357790800B /* Frameworks */ = {
			isa = PBXGroup;
			children = (
				5E73268F6B28FB40528FE7C9 /* Pods_PokeFinder.framework */,
			);
			name = Frameworks;
			sourceTree = "<group>";
		};
/* End PBXGroup section */

/* Begin PBXNativeTarget section */
		1293FF0D1E11B953001D74A2 /* PokeFinder */ = {
			isa = PBXNativeTarget;
			buildConfigurationList = 1293FF361E11B953001D74A2 /* Build configuration list for PBXNativeTarget "PokeFinder" */;
			buildPhases = (
				C7BF31F698DEA96496B393C4 /* [CP] Check Pods Manifest.lock */,
				1293FF0A1E11B953001D74A2 /* Sources */,
				1293FF0B1E11B953001D74A2 /* Frameworks */,
				1293FF0C1E11B953001D74A2 /* Resources */,
				941C74D5F7417634A226FF88 /* [CP] Embed Pods Frameworks */,
				9C2BA92652F7B053251E3D41 /* [CP] Copy Pods Resources */,
			);
			buildRules = (
			);
			dependencies = (
			);
			name = PokeFinder;
			productName = PokeFinder;
			productReference = 1293FF0E1E11B953001D74A2 /* PokeFinder.app */;
			productType = "com.apple.product-type.application";
		};
		1293FF211E11B953001D74A2 /* PokeFinderTests */ = {
			isa = PBXNativeTarget;
			buildConfigurationList = 1293FF391E11B953001D74A2 /* Build configuration list for PBXNativeTarget "PokeFinderTests" */;
			buildPhases = (
				1293FF1E1E11B953001D74A2 /* Sources */,
				1293FF1F1E11B953001D74A2 /* Frameworks */,
				1293FF201E11B953001D74A2 /* Resources */,
			);
			buildRules = (
			);
			dependencies = (
				1293FF241E11B953001D74A2 /* PBXTargetDependency */,
			);
			name = PokeFinderTests;
			productName = PokeFinderTests;
			productReference = 1293FF221E11B953001D74A2 /* PokeFinderTests.xctest */;
			productType = "com.apple.product-type.bundle.unit-test";
		};
		1293FF2C1E11B953001D74A2 /* PokeFinderUITests */ = {
			isa = PBXNativeTarget;
			buildConfigurationList = 1293FF3C1E11B953001D74A2 /* Build configuration list for PBXNativeTarget "PokeFinderUITests" */;
			buildPhases = (
				1293FF291E11B953001D74A2 /* Sources */,
				1293FF2A1E11B953001D74A2 /* Frameworks */,
				1293FF2B1E11B953001D74A2 /* Resources */,
			);
			buildRules = (
			);
			dependencies = (
				1293FF2F1E11B953001D74A2 /* PBXTargetDependency */,
			);
			name = PokeFinderUITests;
			productName = PokeFinderUITests;
			productReference = 1293FF2D1E11B953001D74A2 /* PokeFinderUITests.xctest */;
			productType = "com.apple.product-type.bundle.ui-testing";
		};
/* End PBXNativeTarget section */

/* Begin PBXProject section */
		1293FF061E11B953001D74A2 /* Project object */ = {
			isa = PBXProject;
			attributes = {
				LastSwiftUpdateCheck = 0820;
				LastUpgradeCheck = 0820;
				ORGANIZATIONNAME = "Alfonso, Hector I.";
				TargetAttributes = {
					1293FF0D1E11B953001D74A2 = {
						CreatedOnToolsVersion = 8.2.1;
						DevelopmentTeam = 3X58GVHHHH;
						ProvisioningStyle = Automatic;
					};
					1293FF211E11B953001D74A2 = {
						CreatedOnToolsVersion = 8.2.1;
						DevelopmentTeam = 3X58GVHHHH;
						ProvisioningStyle = Automatic;
						TestTargetID = 1293FF0D1E11B953001D74A2;
					};
					1293FF2C1E11B953001D74A2 = {
						CreatedOnToolsVersion = 8.2.1;
						DevelopmentTeam = 3X58GVHHHH;
						ProvisioningStyle = Automatic;
						TestTargetID = 1293FF0D1E11B953001D74A2;
					};
				};
			};
			buildConfigurationList = 1293FF091E11B953001D74A2 /* Build configuration list for PBXProject "PokeFinder" */;
			compatibilityVersion = "Xcode 3.2";
			developmentRegion = English;
			hasScannedForEncodings = 0;
			knownRegions = (
				en,
				Base,
			);
			mainGroup = 1293FF051E11B953001D74A2;
			productRefGroup = 1293FF0F1E11B953001D74A2 /* Products */;
			projectDirPath = "";
			projectRoot = "";
			targets = (
				1293FF0D1E11B953001D74A2 /* PokeFinder */,
				1293FF211E11B953001D74A2 /* PokeFinderTests */,
				1293FF2C1E11B953001D74A2 /* PokeFinderUITests */,
			);
		};
/* End PBXProject section */

/* Begin PBXResourcesBuildPhase section */
		1293FF0C1E11B953001D74A2 /* Resources */ = {
			isa = PBXResourcesBuildPhase;
			buildActionMask = 2147483647;
			files = (
				1293FF1C1E11B953001D74A2 /* LaunchScreen.storyboard in Resources */,
				1271A1531E11BB34009CEE10 /* GoogleService-Info.plist in Resources */,
				1293FF191E11B953001D74A2 /* Assets.xcassets in Resources */,
				1293FF171E11B953001D74A2 /* Main.storyboard in Resources */,
			);
			runOnlyForDeploymentPostprocessing = 0;
		};
		1293FF201E11B953001D74A2 /* Resources */ = {
			isa = PBXResourcesBuildPhase;
			buildActionMask = 2147483647;
			files = (
			);
			runOnlyForDeploymentPostprocessing = 0;
		};
		1293FF2B1E11B953001D74A2 /* Resources */ = {
			isa = PBXResourcesBuildPhase;
			buildActionMask = 2147483647;
			files = (
			);
			runOnlyForDeploymentPostprocessing = 0;
		};
/* End PBXResourcesBuildPhase section */

/* Begin PBXShellScriptBuildPhase section */
		941C74D5F7417634A226FF88 /* [CP] Embed Pods Frameworks */ = {
			isa = PBXShellScriptBuildPhase;
			buildActionMask = 2147483647;
			files = (
			);
			inputPaths = (
			);
			name = "[CP] Embed Pods Frameworks";
			outputPaths = (
			);
			runOnlyForDeploymentPostprocessing = 0;
			shellPath = /bin/sh;
			shellScript = "\"${SRCROOT}/Pods/Target Support Files/Pods-PokeFinder/Pods-PokeFinder-frameworks.sh\"\n";
			showEnvVarsInLog = 0;
		};
		9C2BA92652F7B053251E3D41 /* [CP] Copy Pods Resources */ = {
			isa = PBXShellScriptBuildPhase;
			buildActionMask = 2147483647;
			files = (
			);
			inputPaths = (
			);
			name = "[CP] Copy Pods Resources";
			outputPaths = (
			);
			runOnlyForDeploymentPostprocessing = 0;
			shellPath = /bin/sh;
			shellScript = "\"${SRCROOT}/Pods/Target Support Files/Pods-PokeFinder/Pods-PokeFinder-resources.sh\"\n";
			showEnvVarsInLog = 0;
		};
		C7BF31F698DEA96496B393C4 /* [CP] Check Pods Manifest.lock */ = {
			isa = PBXShellScriptBuildPhase;
			buildActionMask = 2147483647;
			files = (
			);
			inputPaths = (
			);
			name = "[CP] Check Pods Manifest.lock";
			outputPaths = (
			);
			runOnlyForDeploymentPostprocessing = 0;
			shellPath = /bin/sh;
			shellScript = "diff \"${PODS_ROOT}/../Podfile.lock\" \"${PODS_ROOT}/Manifest.lock\" > /dev/null\nif [ $? != 0 ] ; then\n    # print error to STDERR\n    echo \"error: The sandbox is not in sync with the Podfile.lock. Run 'pod install' or update your CocoaPods installation.\" >&2\n    exit 1\nfi\n";
			showEnvVarsInLog = 0;
		};
/* End PBXShellScriptBuildPhase section */

/* Begin PBXSourcesBuildPhase section */
		1293FF0A1E11B953001D74A2 /* Sources */ = {
			isa = PBXSourcesBuildPhase;
			buildActionMask = 2147483647;
			files = (
				12150E5A1E11BE0600BD51E9 /* GFBase32Utils.m in Sources */,
				12150E681E11CA1600BD51E9 /* PokeAnnotation.swift in Sources */,
				1293FF141E11B953001D74A2 /* ViewController.swift in Sources */,
				12150E5B1E11BE0600BD51E9 /* GFGeoHash.m in Sources */,
				1293FF121E11B953001D74A2 /* AppDelegate.swift in Sources */,
				12150E591E11BE0600BD51E9 /* GeoFire.m in Sources */,
				12150E5C1E11BE0600BD51E9 /* GFGeoHashQuery.m in Sources */,
				12150E5D1E11BE0600BD51E9 /* GFQuery.m in Sources */,
			);
			runOnlyForDeploymentPostprocessing = 0;
		};
		1293FF1E1E11B953001D74A2 /* Sources */ = {
			isa = PBXSourcesBuildPhase;
			buildActionMask = 2147483647;
			files = (
				1293FF271E11B953001D74A2 /* PokeFinderTests.swift in Sources */,
			);
			runOnlyForDeploymentPostprocessing = 0;
		};
		1293FF291E11B953001D74A2 /* Sources */ = {
			isa = PBXSourcesBuildPhase;
			buildActionMask = 2147483647;
			files = (
				1293FF321E11B953001D74A2 /* PokeFinderUITests.swift in Sources */,
			);
			runOnlyForDeploymentPostprocessing = 0;
		};
/* End PBXSourcesBuildPhase section */

/* Begin PBXTargetDependency section */
		1293FF241E11B953001D74A2 /* PBXTargetDependency */ = {
			isa = PBXTargetDependency;
			target = 1293FF0D1E11B953001D74A2 /* PokeFinder */;
			targetProxy = 1293FF231E11B953001D74A2 /* PBXContainerItemProxy */;
		};
		1293FF2F1E11B953001D74A2 /* PBXTargetDependency */ = {
			isa = PBXTargetDependency;
			target = 1293FF0D1E11B953001D74A2 /* PokeFinder */;
			targetProxy = 1293FF2E1E11B953001D74A2 /* PBXContainerItemProxy */;
		};
/* End PBXTargetDependency section */

/* Begin PBXVariantGroup section */
		1293FF151E11B953001D74A2 /* Main.storyboard */ = {
			isa = PBXVariantGroup;
			children = (
				1293FF161E11B953001D74A2 /* Base */,
			);
			name = Main.storyboard;
			sourceTree = "<group>";
		};
		1293FF1A1E11B953001D74A2 /* LaunchScreen.storyboard */ = {
			isa = PBXVariantGroup;
			children = (
				1293FF1B1E11B953001D74A2 /* Base */,
			);
			name = LaunchScreen.storyboard;
			sourceTree = "<group>";
		};
/* End PBXVariantGroup section */

/* Begin XCBuildConfiguration section */
		1293FF341E11B953001D74A2 /* Debug */ = {
			isa = XCBuildConfiguration;
			buildSettings = {
				ALWAYS_SEARCH_USER_PATHS = NO;
				CLANG_ANALYZER_NONNULL = YES;
				CLANG_CXX_LANGUAGE_STANDARD = "gnu++0x";
				CLANG_CXX_LIBRARY = "libc++";
				CLANG_ENABLE_MODULES = YES;
				CLANG_ENABLE_OBJC_ARC = YES;
				CLANG_WARN_BOOL_CONVERSION = YES;
				CLANG_WARN_CONSTANT_CONVERSION = YES;
				CLANG_WARN_DIRECT_OBJC_ISA_USAGE = YES_ERROR;
				CLANG_WARN_DOCUMENTATION_COMMENTS = YES;
				CLANG_WARN_EMPTY_BODY = YES;
				CLANG_WARN_ENUM_CONVERSION = YES;
				CLANG_WARN_INFINITE_RECURSION = YES;
				CLANG_WARN_INT_CONVERSION = YES;
				CLANG_WARN_OBJC_ROOT_CLASS = YES_ERROR;
				CLANG_WARN_SUSPICIOUS_MOVE = YES;
				CLANG_WARN_UNREACHABLE_CODE = YES;
				CLANG_WARN__DUPLICATE_METHOD_MATCH = YES;
				"CODE_SIGN_IDENTITY[sdk=iphoneos*]" = "iPhone Developer";
				COPY_PHASE_STRIP = NO;
				DEBUG_INFORMATION_FORMAT = dwarf;
				ENABLE_STRICT_OBJC_MSGSEND = YES;
				ENABLE_TESTABILITY = YES;
				GCC_C_LANGUAGE_STANDARD = gnu99;
				GCC_DYNAMIC_NO_PIC = NO;
				GCC_NO_COMMON_BLOCKS = YES;
				GCC_OPTIMIZATION_LEVEL = 0;
				GCC_PREPROCESSOR_DEFINITIONS = (
					"DEBUG=1",
					"$(inherited)",
				);
				GCC_WARN_64_TO_32_BIT_CONVERSION = YES;
				GCC_WARN_ABOUT_RETURN_TYPE = YES_ERROR;
				GCC_WARN_UNDECLARED_SELECTOR = YES;
				GCC_WARN_UNINITIALIZED_AUTOS = YES_AGGRESSIVE;
				GCC_WARN_UNUSED_FUNCTION = YES;
				GCC_WARN_UNUSED_VARIABLE = YES;
				IPHONEOS_DEPLOYMENT_TARGET = 10.2;
				MTL_ENABLE_DEBUG_INFO = YES;
				ONLY_ACTIVE_ARCH = YES;
				SDKROOT = iphoneos;
				SWIFT_ACTIVE_COMPILATION_CONDITIONS = DEBUG;
				SWIFT_OPTIMIZATION_LEVEL = "-Onone";
				TARGETED_DEVICE_FAMILY = "1,2";
			};
			name = Debug;
		};
		1293FF351E11B953001D74A2 /* Release */ = {
			isa = XCBuildConfiguration;
			buildSettings = {
				ALWAYS_SEARCH_USER_PATHS = NO;
				CLANG_ANALYZER_NONNULL = YES;
				CLANG_CXX_LANGUAGE_STANDARD = "gnu++0x";
				CLANG_CXX_LIBRARY = "libc++";
				CLANG_ENABLE_MODULES = YES;
				CLANG_ENABLE_OBJC_ARC = YES;
				CLANG_WARN_BOOL_CONVERSION = YES;
				CLANG_WARN_CONSTANT_CONVERSION = YES;
				CLANG_WARN_DIRECT_OBJC_ISA_USAGE = YES_ERROR;
				CLANG_WARN_DOCUMENTATION_COMMENTS = YES;
				CLANG_WARN_EMPTY_BODY = YES;
				CLANG_WARN_ENUM_CONVERSION = YES;
				CLANG_WARN_INFINITE_RECURSION = YES;
				CLANG_WARN_INT_CONVERSION = YES;
				CLANG_WARN_OBJC_ROOT_CLASS = YES_ERROR;
				CLANG_WARN_SUSPICIOUS_MOVE = YES;
				CLANG_WARN_UNREACHABLE_CODE = YES;
				CLANG_WARN__DUPLICATE_METHOD_MATCH = YES;
				"CODE_SIGN_IDENTITY[sdk=iphoneos*]" = "iPhone Developer";
				COPY_PHASE_STRIP = NO;
				DEBUG_INFORMATION_FORMAT = "dwarf-with-dsym";
				ENABLE_NS_ASSERTIONS = NO;
				ENABLE_STRICT_OBJC_MSGSEND = YES;
				GCC_C_LANGUAGE_STANDARD = gnu99;
				GCC_NO_COMMON_BLOCKS = YES;
				GCC_WARN_64_TO_32_BIT_CONVERSION = YES;
				GCC_WARN_ABOUT_RETURN_TYPE = YES_ERROR;
				GCC_WARN_UNDECLARED_SELECTOR = YES;
				GCC_WARN_UNINITIALIZED_AUTOS = YES_AGGRESSIVE;
				GCC_WARN_UNUSED_FUNCTION = YES;
				GCC_WARN_UNUSED_VARIABLE = YES;
				IPHONEOS_DEPLOYMENT_TARGET = 10.2;
				MTL_ENABLE_DEBUG_INFO = NO;
				SDKROOT = iphoneos;
				SWIFT_OPTIMIZATION_LEVEL = "-Owholemodule";
				TARGETED_DEVICE_FAMILY = "1,2";
				VALIDATE_PRODUCT = YES;
			};
			name = Release;
		};
		1293FF371E11B953001D74A2 /* Debug */ = {
			isa = XCBuildConfiguration;
			baseConfigurationReference = 94229814CD1C3C952E09D9F2 /* Pods-PokeFinder.debug.xcconfig */;
			buildSettings = {
				ASSETCATALOG_COMPILER_APPICON_NAME = AppIcon;
				DEVELOPMENT_TEAM = 3X58GVHHHH;
				INFOPLIST_FILE = PokeFinder/Info.plist;
				LD_RUNPATH_SEARCH_PATHS = "$(inherited) @executable_path/Frameworks";
				PRODUCT_BUNDLE_IDENTIFIER = nhac2.com.PokeFinder;
				PRODUCT_NAME = "$(TARGET_NAME)";
				"SWIFT_OBJC_BRIDGING_HEADER[arch=*]" = "PokeFinder/PokeFinder-Bridging-Header.h";
				SWIFT_VERSION = 3.0;
			};
			name = Debug;
		};
		1293FF381E11B953001D74A2 /* Release */ = {
			isa = XCBuildConfiguration;
			baseConfigurationReference = 7AFBFD73AB48A4204306D2FC /* Pods-PokeFinder.release.xcconfig */;
			buildSettings = {
				ASSETCATALOG_COMPILER_APPICON_NAME = AppIcon;
				DEVELOPMENT_TEAM = 3X58GVHHHH;
				INFOPLIST_FILE = PokeFinder/Info.plist;
				LD_RUNPATH_SEARCH_PATHS = "$(inherited) @executable_path/Frameworks";
				PRODUCT_BUNDLE_IDENTIFIER = nhac2.com.PokeFinder;
				PRODUCT_NAME = "$(TARGET_NAME)";
				SWIFT_VERSION = 3.0;
			};
			name = Release;
		};
		1293FF3A1E11B953001D74A2 /* Debug */ = {
			isa = XCBuildConfiguration;
			buildSettings = {
				ALWAYS_EMBED_SWIFT_STANDARD_LIBRARIES = YES;
				BUNDLE_LOADER = "$(TEST_HOST)";
				DEVELOPMENT_TEAM = 3X58GVHHHH;
				INFOPLIST_FILE = PokeFinderTests/Info.plist;
				LD_RUNPATH_SEARCH_PATHS = "$(inherited) @executable_path/Frameworks @loader_path/Frameworks";
				PRODUCT_BUNDLE_IDENTIFIER = nhac2.com.PokeFinderTests;
				PRODUCT_NAME = "$(TARGET_NAME)";
				SWIFT_VERSION = 3.0;
				TEST_HOST = "$(BUILT_PRODUCTS_DIR)/PokeFinder.app/PokeFinder";
			};
			name = Debug;
		};
		1293FF3B1E11B953001D74A2 /* Release */ = {
			isa = XCBuildConfiguration;
			buildSettings = {
				ALWAYS_EMBED_SWIFT_STANDARD_LIBRARIES = YES;
				BUNDLE_LOADER = "$(TEST_HOST)";
				DEVELOPMENT_TEAM = 3X58GVHHHH;
				INFOPLIST_FILE = PokeFinderTests/Info.plist;
				LD_RUNPATH_SEARCH_PATHS = "$(inherited) @executable_path/Frameworks @loader_path/Frameworks";
				PRODUCT_BUNDLE_IDENTIFIER = nhac2.com.PokeFinderTests;
				PRODUCT_NAME = "$(TARGET_NAME)";
				SWIFT_VERSION = 3.0;
				TEST_HOST = "$(BUILT_PRODUCTS_DIR)/PokeFinder.app/PokeFinder";
			};
			name = Release;
		};
		1293FF3D1E11B953001D74A2 /* Debug */ = {
			isa = XCBuildConfiguration;
			buildSettings = {
				ALWAYS_EMBED_SWIFT_STANDARD_LIBRARIES = YES;
				DEVELOPMENT_TEAM = 3X58GVHHHH;
				INFOPLIST_FILE = PokeFinderUITests/Info.plist;
				LD_RUNPATH_SEARCH_PATHS = "$(inherited) @executable_path/Frameworks @loader_path/Frameworks";
				PRODUCT_BUNDLE_IDENTIFIER = nhac2.com.PokeFinderUITests;
				PRODUCT_NAME = "$(TARGET_NAME)";
				SWIFT_VERSION = 3.0;
				TEST_TARGET_NAME = PokeFinder;
			};
			name = Debug;
		};
		1293FF3E1E11B953001D74A2 /* Release */ = {
			isa = XCBuildConfiguration;
			buildSettings = {
				ALWAYS_EMBED_SWIFT_STANDARD_LIBRARIES = YES;
				DEVELOPMENT_TEAM = 3X58GVHHHH;
				INFOPLIST_FILE = PokeFinderUITests/Info.plist;
				LD_RUNPATH_SEARCH_PATHS = "$(inherited) @executable_path/Frameworks @loader_path/Frameworks";
				PRODUCT_BUNDLE_IDENTIFIER = nhac2.com.PokeFinderUITests;
				PRODUCT_NAME = "$(TARGET_NAME)";
				SWIFT_VERSION = 3.0;
				TEST_TARGET_NAME = PokeFinder;
			};
			name = Release;
		};
/* End XCBuildConfiguration section */

/* Begin XCConfigurationList section */
		1293FF091E11B953001D74A2 /* Build configuration list for PBXProject "PokeFinder" */ = {
			isa = XCConfigurationList;
			buildConfigurations = (
				1293FF341E11B953001D74A2 /* Debug */,
				1293FF351E11B953001D74A2 /* Release */,
			);
			defaultConfigurationIsVisible = 0;
			defaultConfigurationName = Release;
		};
		1293FF361E11B953001D74A2 /* Build configuration list for PBXNativeTarget "PokeFinder" */ = {
			isa = XCConfigurationList;
			buildConfigurations = (
				1293FF371E11B953001D74A2 /* Debug */,
				1293FF381E11B953001D74A2 /* Release */,
			);
			defaultConfigurationIsVisible = 0;
			defaultConfigurationName = Release;
		};
		1293FF391E11B953001D74A2 /* Build configuration list for PBXNativeTarget "PokeFinderTests" */ = {
			isa = XCConfigurationList;
			buildConfigurations = (
				1293FF3A1E11B953001D74A2 /* Debug */,
				1293FF3B1E11B953001D74A2 /* Release */,
			);
			defaultConfigurationIsVisible = 0;
			defaultConfigurationName = Release;
		};
		1293FF3C1E11B953001D74A2 /* Build configuration list for PBXNativeTarget "PokeFinderUITests" */ = {
			isa = XCConfigurationList;
			buildConfigurations = (
				1293FF3D1E11B953001D74A2 /* Debug */,
				1293FF3E1E11B953001D74A2 /* Release */,
			);
			defaultConfigurationIsVisible = 0;
			defaultConfigurationName = Release;
		};
/* End XCConfigurationList section */
	};
	rootObject = 1293FF061E11B953001D74A2 /* Project object */;
}
